PODS:
  - Alamofire (4.7.3)
  - AlamofireObjectMapper (5.1.0):
    - Alamofire (~> 4.1)
    - ObjectMapper (~> 3.3)
  - CryptoSwift (0.13.0)
  - ObjectMapper (3.3.0)
  - ProgressKit (0.7)
  - SDWebImage (4.4.2):
    - SDWebImage/Core (= 4.4.2)
  - SDWebImage/Core (4.4.2)
  - SwiftyJSON (4.2.0)
  - XMLMapper (1.5.1):
    - XMLMapper/Core (= 1.5.1)
  - XMLMapper/Core (1.5.1)
  - XMLMapper/Requests (1.5.1):
    - Alamofire (~> 4.1)
    - XMLMapper/Core

DEPENDENCIES:
  - Alamofire (~> 4.7)
  - AlamofireObjectMapper (~> 5.0)
  - CryptoSwift
  - ObjectMapper (~> 3.3)
  - ProgressKit
  - SDWebImage (~> 4.0)
  - SwiftyJSON
  - XMLMapper
  - XMLMapper/Requests

SPEC REPOS:
  https://github.com/cocoapods/specs.git:
    - Alamofire
    - AlamofireObjectMapper
    - CryptoSwift
    - ObjectMapper
    - ProgressKit
    - SDWebImage
    - SwiftyJSON
    - XMLMapper

SPEC CHECKSUMS:
  Alamofire: c7287b6e5d7da964a70935e5db17046b7fde6568
  AlamofireObjectMapper: 3395e698901d8b0e6f48b7d0c43bd47875325102
  CryptoSwift: 16e78bebf567bad1c87b2d58f6547f25b74c31aa
  ObjectMapper: b612bf8c8e99c4dc0bb6013a51f7c27966ed5da9
  ProgressKit: 47145a4a267a9b4262c481d8c46e1d527dd9e024
  SDWebImage: 624d6e296c69b244bcede364c72ae0430ac14681
  SwiftyJSON: c4bcba26dd9ec7a027fc8eade48e2c911f229e96
  XMLMapper: 40841d2d7d134715943c8bca42dabdbcfe03d354

PODFILE CHECKSUM: 83d9dcdb48fe2fd48537b57cddfd1ecd9cebf4ad

COCOAPODS: 1.5.3
